
Microsoft Visual Studio Solution File, Format Version 12.00
# Visual Studio Version 17
VisualStudioVersion = 17.8.34309.116
MinimumVisualStudioVersion = 10.0.40219.1
Project("{FAE04EC0-301F-11D3-BF4B-00C04F79EFBC}") = "ConsoleApp6", "ConsoleApp6.csproj", "{BEA7C577-A7B7-406D-ADE1-7E67163CB94A}"
EndProject
Global
	GlobalSection(SolutionConfigurationPlatforms) = preSolution
		Debug|Any CPU = Debug|Any CPU
		Release|Any CPU = Release|Any CPU
	EndGlobalSection
	GlobalSection(ProjectConfigurationPlatforms) = postSolution
		{BEA7C577-A7B7-406D-ADE1-7E67163CB94A}.Debug|Any CPU.ActiveCfg = Debug|Any CPU
		{BEA7C577-A7B7-406D-ADE1-7E67163CB94A}.Debug|Any CPU.Build.0 = Debug|Any CPU
		{BEA7C577-A7B7-406D-ADE1-7E67163CB94A}.Release|Any CPU.ActiveCfg = Release|Any CPU
		{BEA7C577-A7B7-406D-ADE1-7E67163CB94A}.Release|Any CPU.Build.0 = Release|Any CPU
	EndGlobalSection
	GlobalSection(SolutionProperties) = preSolution
		HideSolutionNode = FALSE
	EndGlobalSection
	GlobalSection(ExtensibilityGlobals) = postSolution
		SolutionGuid = {F590C51E-347D-4B6E-ADD4-5723B292B98B}
	EndGlobalSection
EndGlobal
